
Microsoft Visual Studio Solution File, Format Version 12.00
# Visual Studio 15
VisualStudioVersion = 15.0.26124.0
MinimumVisualStudioVersion = 15.0.26124.0
Project("{2150E333-8FDC-42A3-9474-1A3956D46DE8}") = "Finix.CsUtils.DataStructures", "Finix.CsUtils.DataStructures", "{C2FD9DE5-0C48-4DD2-9B0B-81DA0E6D95B1}"
EndProject
Project("{FAE04EC0-301F-11D3-BF4B-00C04F79EFBC}") = "Finix.CsUtils.DataStructures.Profiling", "Finix.CsUtils.DataStructures\profiling\Finix.CsUtils.DataStructures.Profiling.csproj", "{536FF4A6-D471-423D-9F9B-BC0FA7500E48}"
EndProject
Project("{FAE04EC0-301F-11D3-BF4B-00C04F79EFBC}") = "Finix.CsUtils.DataStructures", "Finix.CsUtils.DataStructures\src\Finix.CsUtils.DataStructures.csproj", "{AB72CDA4-6D62-42F9-8D8D-3830FA5C6E11}"
EndProject
Project("{2150E333-8FDC-42A3-9474-1A3956D46DE8}") = "Finix.CsUtils.MARC", "Finix.CsUtils.MARC", "{C5905753-689D-4333-9A89-42EC4321F88C}"
EndProject
Project("{FAE04EC0-301F-11D3-BF4B-00C04F79EFBC}") = "Finix.CsUtils.MARC", "Finix.CsUtils.MARC\src\Finix.CsUtils.MARC.csproj", "{5A868D04-223F-47F3-BFBA-3E5FCD289224}"
EndProject
Project("{2150E333-8FDC-42A3-9474-1A3956D46DE8}") = "Finix.CsUtils.Objects", "Finix.CsUtils.Objects", "{FA2949CA-F251-48C3-A480-46A20A4D69A0}"
EndProject
Project("{FAE04EC0-301F-11D3-BF4B-00C04F79EFBC}") = "Finix.CsUtils.Objects", "Finix.CsUtils.Objects\src\Finix.CsUtils.Objects.csproj", "{CCF6B50A-A220-49D1-B787-6495EBF2377F}"
EndProject
Project("{2150E333-8FDC-42A3-9474-1A3956D46DE8}") = "Finix.CsUtils.Process", "Finix.CsUtils.Process", "{325B75A8-52C6-440C-AA76-A301B68FDA87}"
EndProject
Project("{FAE04EC0-301F-11D3-BF4B-00C04F79EFBC}") = "Finix.CsUtils.Process", "Finix.CsUtils.Process\src\Finix.CsUtils.Process.csproj", "{45D37C90-4F12-4FBF-BC11-982CBE2A9BF9}"
EndProject
Project("{2150E333-8FDC-42A3-9474-1A3956D46DE8}") = "Finix.CsUtils.Services", "Finix.CsUtils.Services", "{B174BB7D-CF72-41CB-86CA-F028A52FD599}"
EndProject
Project("{FAE04EC0-301F-11D3-BF4B-00C04F79EFBC}") = "Finix.CsUtils.Services", "Finix.CsUtils.Services\src\Finix.CsUtils.Services.csproj", "{541E16D7-7055-4C02-BE1A-33614590FD7D}"
EndProject
Project("{2150E333-8FDC-42A3-9474-1A3956D46DE8}") = "Finix.CsUtils.StateMachine", "Finix.CsUtils.StateMachine", "{CEA9DC27-F48F-4115-A14E-47F5820CCB47}"
EndProject
Project("{FAE04EC0-301F-11D3-BF4B-00C04F79EFBC}") = "Finix.CsUtils.StateMachine", "Finix.CsUtils.StateMachine\src\Finix.CsUtils.StateMachine.csproj", "{0F3FDDA3-2154-4C71-A949-37258078820E}"
EndProject
Project("{2150E333-8FDC-42A3-9474-1A3956D46DE8}") = "Finix.CsUtils.Streams", "Finix.CsUtils.Streams", "{D5E17259-E781-4B06-BF67-0C1771DA538F}"
EndProject
Project("{FAE04EC0-301F-11D3-BF4B-00C04F79EFBC}") = "Finix.CsUtils.Streams", "Finix.CsUtils.Streams\src\Finix.CsUtils.Streams.csproj", "{2C357FD7-F693-4360-A479-FB4841323634}"
EndProject
Project("{2150E333-8FDC-42A3-9474-1A3956D46DE8}") = "Finix.CsUtils.Strings", "Finix.CsUtils.Strings", "{26420595-2897-43C1-8D3E-0B25B87D9A6B}"
EndProject
Project("{FAE04EC0-301F-11D3-BF4B-00C04F79EFBC}") = "Finix.CsUtils.Strings", "Finix.CsUtils.Strings\src\Finix.CsUtils.Strings.csproj", "{749DFCAC-8457-4D75-8336-E51ED07A8F98}"
EndProject
Project("{FAE04EC0-301F-11D3-BF4B-00C04F79EFBC}") = "Finix.CsUtils.Strings.Tests", "Finix.CsUtils.Strings\test\Finix.CsUtils.Strings.Tests.csproj", "{B99F8F8E-F0F3-414F-8F46-B5B5B4DCC0EC}"
EndProject
Project("{2150E333-8FDC-42A3-9474-1A3956D46DE8}") = "Finix.CsUtils.Tokenizer", "Finix.CsUtils.Tokenizer", "{AD3C6E21-400A-4317-8BAA-DC7F8D77A42A}"
EndProject
Project("{FAE04EC0-301F-11D3-BF4B-00C04F79EFBC}") = "Finix.CsUtils.Tokenizer", "Finix.CsUtils.Tokenizer\src\Finix.CsUtils.Tokenizer.csproj", "{EEFFF1D8-183B-4D37-8AD0-9D90E8ADB506}"
EndProject
Project("{FAE04EC0-301F-11D3-BF4B-00C04F79EFBC}") = "Finix.CsUtils.Tokenizer.Tests", "Finix.CsUtils.Tokenizer\test\Finix.CsUtils.Tokenizer.Tests.csproj", "{C9AD8DCC-A793-483C-8C60-1AB2075F20EA}"
EndProject
Project("{2150E333-8FDC-42A3-9474-1A3956D46DE8}") = "Finix.CsUtils.Visitor", "Finix.CsUtils.Visitor", "{5935CD5C-3C6A-4BFB-AFF2-64865F4076C7}"
EndProject
Project("{FAE04EC0-301F-11D3-BF4B-00C04F79EFBC}") = "Finix.CsUtils.Visitor", "Finix.CsUtils.Visitor\src\Finix.CsUtils.Visitor.csproj", "{854DDF87-BF4E-431F-B7BD-D2253C0097DA}"
EndProject
Project("{FAE04EC0-301F-11D3-BF4B-00C04F79EFBC}") = "Finix.CsUtils.Objects.Tests", "Finix.CsUtils.Objects\tests\Finix.CsUtils.Objects.Tests.csproj", "{132B1858-F3DA-4558-A76D-899DD1FCD31E}"
EndProject
Global
	GlobalSection(SolutionConfigurationPlatforms) = preSolution
		Debug|Any CPU = Debug|Any CPU
		Debug|x64 = Debug|x64
		Debug|x86 = Debug|x86
		Release|Any CPU = Release|Any CPU
		Release|x64 = Release|x64
		Release|x86 = Release|x86
	EndGlobalSection
	GlobalSection(SolutionProperties) = preSolution
		HideSolutionNode = FALSE
	EndGlobalSection
	GlobalSection(ProjectConfigurationPlatforms) = postSolution
		{536FF4A6-D471-423D-9F9B-BC0FA7500E48}.Debug|Any CPU.ActiveCfg = Debug|Any CPU
		{536FF4A6-D471-423D-9F9B-BC0FA7500E48}.Debug|Any CPU.Build.0 = Debug|Any CPU
		{536FF4A6-D471-423D-9F9B-BC0FA7500E48}.Debug|x64.ActiveCfg = Debug|Any CPU
		{536FF4A6-D471-423D-9F9B-BC0FA7500E48}.Debug|x64.Build.0 = Debug|Any CPU
		{536FF4A6-D471-423D-9F9B-BC0FA7500E48}.Debug|x86.ActiveCfg = Debug|Any CPU
		{536FF4A6-D471-423D-9F9B-BC0FA7500E48}.Debug|x86.Build.0 = Debug|Any CPU
		{536FF4A6-D471-423D-9F9B-BC0FA7500E48}.Release|Any CPU.ActiveCfg = Release|Any CPU
		{536FF4A6-D471-423D-9F9B-BC0FA7500E48}.Release|Any CPU.Build.0 = Release|Any CPU
		{536FF4A6-D471-423D-9F9B-BC0FA7500E48}.Release|x64.ActiveCfg = Release|Any CPU
		{536FF4A6-D471-423D-9F9B-BC0FA7500E48}.Release|x64.Build.0 = Release|Any CPU
		{536FF4A6-D471-423D-9F9B-BC0FA7500E48}.Release|x86.ActiveCfg = Release|Any CPU
		{536FF4A6-D471-423D-9F9B-BC0FA7500E48}.Release|x86.Build.0 = Release|Any CPU
		{AB72CDA4-6D62-42F9-8D8D-3830FA5C6E11}.Debug|Any CPU.ActiveCfg = Debug|Any CPU
		{AB72CDA4-6D62-42F9-8D8D-3830FA5C6E11}.Debug|Any CPU.Build.0 = Debug|Any CPU
		{AB72CDA4-6D62-42F9-8D8D-3830FA5C6E11}.Debug|x64.ActiveCfg = Debug|Any CPU
		{AB72CDA4-6D62-42F9-8D8D-3830FA5C6E11}.Debug|x64.Build.0 = Debug|Any CPU
		{AB72CDA4-6D62-42F9-8D8D-3830FA5C6E11}.Debug|x86.ActiveCfg = Debug|Any CPU
		{AB72CDA4-6D62-42F9-8D8D-3830FA5C6E11}.Debug|x86.Build.0 = Debug|Any CPU
		{AB72CDA4-6D62-42F9-8D8D-3830FA5C6E11}.Release|Any CPU.ActiveCfg = Release|Any CPU
		{AB72CDA4-6D62-42F9-8D8D-3830FA5C6E11}.Release|Any CPU.Build.0 = Release|Any CPU
		{AB72CDA4-6D62-42F9-8D8D-3830FA5C6E11}.Release|x64.ActiveCfg = Release|Any CPU
		{AB72CDA4-6D62-42F9-8D8D-3830FA5C6E11}.Release|x64.Build.0 = Release|Any CPU
		{AB72CDA4-6D62-42F9-8D8D-3830FA5C6E11}.Release|x86.ActiveCfg = Release|Any CPU
		{AB72CDA4-6D62-42F9-8D8D-3830FA5C6E11}.Release|x86.Build.0 = Release|Any CPU
		{5A868D04-223F-47F3-BFBA-3E5FCD289224}.Debug|Any CPU.ActiveCfg = Debug|Any CPU
		{5A868D04-223F-47F3-BFBA-3E5FCD289224}.Debug|Any CPU.Build.0 = Debug|Any CPU
		{5A868D04-223F-47F3-BFBA-3E5FCD289224}.Debug|x64.ActiveCfg = Debug|Any CPU
		{5A868D04-223F-47F3-BFBA-3E5FCD289224}.Debug|x64.Build.0 = Debug|Any CPU
		{5A868D04-223F-47F3-BFBA-3E5FCD289224}.Debug|x86.ActiveCfg = Debug|Any CPU
		{5A868D04-223F-47F3-BFBA-3E5FCD289224}.Debug|x86.Build.0 = Debug|Any CPU
		{5A868D04-223F-47F3-BFBA-3E5FCD289224}.Release|Any CPU.ActiveCfg = Release|Any CPU
		{5A868D04-223F-47F3-BFBA-3E5FCD289224}.Release|Any CPU.Build.0 = Release|Any CPU
		{5A868D04-223F-47F3-BFBA-3E5FCD289224}.Release|x64.ActiveCfg = Release|Any CPU
		{5A868D04-223F-47F3-BFBA-3E5FCD289224}.Release|x64.Build.0 = Release|Any CPU
		{5A868D04-223F-47F3-BFBA-3E5FCD289224}.Release|x86.ActiveCfg = Release|Any CPU
		{5A868D04-223F-47F3-BFBA-3E5FCD289224}.Release|x86.Build.0 = Release|Any CPU
		{CCF6B50A-A220-49D1-B787-6495EBF2377F}.Debug|Any CPU.ActiveCfg = Debug|Any CPU
		{CCF6B50A-A220-49D1-B787-6495EBF2377F}.Debug|Any CPU.Build.0 = Debug|Any CPU
		{CCF6B50A-A220-49D1-B787-6495EBF2377F}.Debug|x64.ActiveCfg = Debug|Any CPU
		{CCF6B50A-A220-49D1-B787-6495EBF2377F}.Debug|x64.Build.0 = Debug|Any CPU
		{CCF6B50A-A220-49D1-B787-6495EBF2377F}.Debug|x86.ActiveCfg = Debug|Any CPU
		{CCF6B50A-A220-49D1-B787-6495EBF2377F}.Debug|x86.Build.0 = Debug|Any CPU
		{CCF6B50A-A220-49D1-B787-6495EBF2377F}.Release|Any CPU.ActiveCfg = Release|Any CPU
		{CCF6B50A-A220-49D1-B787-6495EBF2377F}.Release|Any CPU.Build.0 = Release|Any CPU
		{CCF6B50A-A220-49D1-B787-6495EBF2377F}.Release|x64.ActiveCfg = Release|Any CPU
		{CCF6B50A-A220-49D1-B787-6495EBF2377F}.Release|x64.Build.0 = Release|Any CPU
		{CCF6B50A-A220-49D1-B787-6495EBF2377F}.Release|x86.ActiveCfg = Release|Any CPU
		{CCF6B50A-A220-49D1-B787-6495EBF2377F}.Release|x86.Build.0 = Release|Any CPU
		{45D37C90-4F12-4FBF-BC11-982CBE2A9BF9}.Debug|Any CPU.ActiveCfg = Debug|Any CPU
		{45D37C90-4F12-4FBF-BC11-982CBE2A9BF9}.Debug|Any CPU.Build.0 = Debug|Any CPU
		{45D37C90-4F12-4FBF-BC11-982CBE2A9BF9}.Debug|x64.ActiveCfg = Debug|Any CPU
		{45D37C90-4F12-4FBF-BC11-982CBE2A9BF9}.Debug|x64.Build.0 = Debug|Any CPU
		{45D37C90-4F12-4FBF-BC11-982CBE2A9BF9}.Debug|x86.ActiveCfg = Debug|Any CPU
		{45D37C90-4F12-4FBF-BC11-982CBE2A9BF9}.Debug|x86.Build.0 = Debug|Any CPU
		{45D37C90-4F12-4FBF-BC11-982CBE2A9BF9}.Release|Any CPU.ActiveCfg = Release|Any CPU
		{45D37C90-4F12-4FBF-BC11-982CBE2A9BF9}.Release|Any CPU.Build.0 = Release|Any CPU
		{45D37C90-4F12-4FBF-BC11-982CBE2A9BF9}.Release|x64.ActiveCfg = Release|Any CPU
		{45D37C90-4F12-4FBF-BC11-982CBE2A9BF9}.Release|x64.Build.0 = Release|Any CPU
		{45D37C90-4F12-4FBF-BC11-982CBE2A9BF9}.Release|x86.ActiveCfg = Release|Any CPU
		{45D37C90-4F12-4FBF-BC11-982CBE2A9BF9}.Release|x86.Build.0 = Release|Any CPU
		{541E16D7-7055-4C02-BE1A-33614590FD7D}.Debug|Any CPU.ActiveCfg = Debug|Any CPU
		{541E16D7-7055-4C02-BE1A-33614590FD7D}.Debug|Any CPU.Build.0 = Debug|Any CPU
		{541E16D7-7055-4C02-BE1A-33614590FD7D}.Debug|x64.ActiveCfg = Debug|Any CPU
		{541E16D7-7055-4C02-BE1A-33614590FD7D}.Debug|x64.Build.0 = Debug|Any CPU
		{541E16D7-7055-4C02-BE1A-33614590FD7D}.Debug|x86.ActiveCfg = Debug|Any CPU
		{541E16D7-7055-4C02-BE1A-33614590FD7D}.Debug|x86.Build.0 = Debug|Any CPU
		{541E16D7-7055-4C02-BE1A-33614590FD7D}.Release|Any CPU.ActiveCfg = Release|Any CPU
		{541E16D7-7055-4C02-BE1A-33614590FD7D}.Release|Any CPU.Build.0 = Release|Any CPU
		{541E16D7-7055-4C02-BE1A-33614590FD7D}.Release|x64.ActiveCfg = Release|Any CPU
		{541E16D7-7055-4C02-BE1A-33614590FD7D}.Release|x64.Build.0 = Release|Any CPU
		{541E16D7-7055-4C02-BE1A-33614590FD7D}.Release|x86.ActiveCfg = Release|Any CPU
		{541E16D7-7055-4C02-BE1A-33614590FD7D}.Release|x86.Build.0 = Release|Any CPU
		{0F3FDDA3-2154-4C71-A949-37258078820E}.Debug|Any CPU.ActiveCfg = Debug|Any CPU
		{0F3FDDA3-2154-4C71-A949-37258078820E}.Debug|Any CPU.Build.0 = Debug|Any CPU
		{0F3FDDA3-2154-4C71-A949-37258078820E}.Debug|x64.ActiveCfg = Debug|Any CPU
		{0F3FDDA3-2154-4C71-A949-37258078820E}.Debug|x64.Build.0 = Debug|Any CPU
		{0F3FDDA3-2154-4C71-A949-37258078820E}.Debug|x86.ActiveCfg = Debug|Any CPU
		{0F3FDDA3-2154-4C71-A949-37258078820E}.Debug|x86.Build.0 = Debug|Any CPU
		{0F3FDDA3-2154-4C71-A949-37258078820E}.Release|Any CPU.ActiveCfg = Release|Any CPU
		{0F3FDDA3-2154-4C71-A949-37258078820E}.Release|Any CPU.Build.0 = Release|Any CPU
		{0F3FDDA3-2154-4C71-A949-37258078820E}.Release|x64.ActiveCfg = Release|Any CPU
		{0F3FDDA3-2154-4C71-A949-37258078820E}.Release|x64.Build.0 = Release|Any CPU
		{0F3FDDA3-2154-4C71-A949-37258078820E}.Release|x86.ActiveCfg = Release|Any CPU
		{0F3FDDA3-2154-4C71-A949-37258078820E}.Release|x86.Build.0 = Release|Any CPU
		{2C357FD7-F693-4360-A479-FB4841323634}.Debug|Any CPU.ActiveCfg = Debug|Any CPU
		{2C357FD7-F693-4360-A479-FB4841323634}.Debug|Any CPU.Build.0 = Debug|Any CPU
		{2C357FD7-F693-4360-A479-FB4841323634}.Debug|x64.ActiveCfg = Debug|Any CPU
		{2C357FD7-F693-4360-A479-FB4841323634}.Debug|x64.Build.0 = Debug|Any CPU
		{2C357FD7-F693-4360-A479-FB4841323634}.Debug|x86.ActiveCfg = Debug|Any CPU
		{2C357FD7-F693-4360-A479-FB4841323634}.Debug|x86.Build.0 = Debug|Any CPU
		{2C357FD7-F693-4360-A479-FB4841323634}.Release|Any CPU.ActiveCfg = Release|Any CPU
		{2C357FD7-F693-4360-A479-FB4841323634}.Release|Any CPU.Build.0 = Release|Any CPU
		{2C357FD7-F693-4360-A479-FB4841323634}.Release|x64.ActiveCfg = Release|Any CPU
		{2C357FD7-F693-4360-A479-FB4841323634}.Release|x64.Build.0 = Release|Any CPU
		{2C357FD7-F693-4360-A479-FB4841323634}.Release|x86.ActiveCfg = Release|Any CPU
		{2C357FD7-F693-4360-A479-FB4841323634}.Release|x86.Build.0 = Release|Any CPU
		{749DFCAC-8457-4D75-8336-E51ED07A8F98}.Debug|Any CPU.ActiveCfg = Debug|Any CPU
		{749DFCAC-8457-4D75-8336-E51ED07A8F98}.Debug|Any CPU.Build.0 = Debug|Any CPU
		{749DFCAC-8457-4D75-8336-E51ED07A8F98}.Debug|x64.ActiveCfg = Debug|Any CPU
		{749DFCAC-8457-4D75-8336-E51ED07A8F98}.Debug|x64.Build.0 = Debug|Any CPU
		{749DFCAC-8457-4D75-8336-E51ED07A8F98}.Debug|x86.ActiveCfg = Debug|Any CPU
		{749DFCAC-8457-4D75-8336-E51ED07A8F98}.Debug|x86.Build.0 = Debug|Any CPU
		{749DFCAC-8457-4D75-8336-E51ED07A8F98}.Release|Any CPU.ActiveCfg = Release|Any CPU
		{749DFCAC-8457-4D75-8336-E51ED07A8F98}.Release|Any CPU.Build.0 = Release|Any CPU
		{749DFCAC-8457-4D75-8336-E51ED07A8F98}.Release|x64.ActiveCfg = Release|Any CPU
		{749DFCAC-8457-4D75-8336-E51ED07A8F98}.Release|x64.Build.0 = Release|Any CPU
		{749DFCAC-8457-4D75-8336-E51ED07A8F98}.Release|x86.ActiveCfg = Release|Any CPU
		{749DFCAC-8457-4D75-8336-E51ED07A8F98}.Release|x86.Build.0 = Release|Any CPU
		{B99F8F8E-F0F3-414F-8F46-B5B5B4DCC0EC}.Debug|Any CPU.ActiveCfg = Debug|Any CPU
		{B99F8F8E-F0F3-414F-8F46-B5B5B4DCC0EC}.Debug|Any CPU.Build.0 = Debug|Any CPU
		{B99F8F8E-F0F3-414F-8F46-B5B5B4DCC0EC}.Debug|x64.ActiveCfg = Debug|Any CPU
		{B99F8F8E-F0F3-414F-8F46-B5B5B4DCC0EC}.Debug|x64.Build.0 = Debug|Any CPU
		{B99F8F8E-F0F3-414F-8F46-B5B5B4DCC0EC}.Debug|x86.ActiveCfg = Debug|Any CPU
		{B99F8F8E-F0F3-414F-8F46-B5B5B4DCC0EC}.Debug|x86.Build.0 = Debug|Any CPU
		{B99F8F8E-F0F3-414F-8F46-B5B5B4DCC0EC}.Release|Any CPU.ActiveCfg = Release|Any CPU
		{B99F8F8E-F0F3-414F-8F46-B5B5B4DCC0EC}.Release|Any CPU.Build.0 = Release|Any CPU
		{B99F8F8E-F0F3-414F-8F46-B5B5B4DCC0EC}.Release|x64.ActiveCfg = Release|Any CPU
		{B99F8F8E-F0F3-414F-8F46-B5B5B4DCC0EC}.Release|x64.Build.0 = Release|Any CPU
		{B99F8F8E-F0F3-414F-8F46-B5B5B4DCC0EC}.Release|x86.ActiveCfg = Release|Any CPU
		{B99F8F8E-F0F3-414F-8F46-B5B5B4DCC0EC}.Release|x86.Build.0 = Release|Any CPU
		{EEFFF1D8-183B-4D37-8AD0-9D90E8ADB506}.Debug|Any CPU.ActiveCfg = Debug|Any CPU
		{EEFFF1D8-183B-4D37-8AD0-9D90E8ADB506}.Debug|Any CPU.Build.0 = Debug|Any CPU
		{EEFFF1D8-183B-4D37-8AD0-9D90E8ADB506}.Debug|x64.ActiveCfg = Debug|Any CPU
		{EEFFF1D8-183B-4D37-8AD0-9D90E8ADB506}.Debug|x64.Build.0 = Debug|Any CPU
		{EEFFF1D8-183B-4D37-8AD0-9D90E8ADB506}.Debug|x86.ActiveCfg = Debug|Any CPU
		{EEFFF1D8-183B-4D37-8AD0-9D90E8ADB506}.Debug|x86.Build.0 = Debug|Any CPU
		{EEFFF1D8-183B-4D37-8AD0-9D90E8ADB506}.Release|Any CPU.ActiveCfg = Release|Any CPU
		{EEFFF1D8-183B-4D37-8AD0-9D90E8ADB506}.Release|Any CPU.Build.0 = Release|Any CPU
		{EEFFF1D8-183B-4D37-8AD0-9D90E8ADB506}.Release|x64.ActiveCfg = Release|Any CPU
		{EEFFF1D8-183B-4D37-8AD0-9D90E8ADB506}.Release|x64.Build.0 = Release|Any CPU
		{EEFFF1D8-183B-4D37-8AD0-9D90E8ADB506}.Release|x86.ActiveCfg = Release|Any CPU
		{EEFFF1D8-183B-4D37-8AD0-9D90E8ADB506}.Release|x86.Build.0 = Release|Any CPU
		{C9AD8DCC-A793-483C-8C60-1AB2075F20EA}.Debug|Any CPU.ActiveCfg = Debug|Any CPU
		{C9AD8DCC-A793-483C-8C60-1AB2075F20EA}.Debug|Any CPU.Build.0 = Debug|Any CPU
		{C9AD8DCC-A793-483C-8C60-1AB2075F20EA}.Debug|x64.ActiveCfg = Debug|Any CPU
		{C9AD8DCC-A793-483C-8C60-1AB2075F20EA}.Debug|x64.Build.0 = Debug|Any CPU
		{C9AD8DCC-A793-483C-8C60-1AB2075F20EA}.Debug|x86.ActiveCfg = Debug|Any CPU
		{C9AD8DCC-A793-483C-8C60-1AB2075F20EA}.Debug|x86.Build.0 = Debug|Any CPU
		{C9AD8DCC-A793-483C-8C60-1AB2075F20EA}.Release|Any CPU.ActiveCfg = Release|Any CPU
		{C9AD8DCC-A793-483C-8C60-1AB2075F20EA}.Release|Any CPU.Build.0 = Release|Any CPU
		{C9AD8DCC-A793-483C-8C60-1AB2075F20EA}.Release|x64.ActiveCfg = Release|Any CPU
		{C9AD8DCC-A793-483C-8C60-1AB2075F20EA}.Release|x64.Build.0 = Release|Any CPU
		{C9AD8DCC-A793-483C-8C60-1AB2075F20EA}.Release|x86.ActiveCfg = Release|Any CPU
		{C9AD8DCC-A793-483C-8C60-1AB2075F20EA}.Release|x86.Build.0 = Release|Any CPU
		{854DDF87-BF4E-431F-B7BD-D2253C0097DA}.Debug|Any CPU.ActiveCfg = Debug|Any CPU
		{854DDF87-BF4E-431F-B7BD-D2253C0097DA}.Debug|Any CPU.Build.0 = Debug|Any CPU
		{854DDF87-BF4E-431F-B7BD-D2253C0097DA}.Debug|x64.ActiveCfg = Debug|Any CPU
		{854DDF87-BF4E-431F-B7BD-D2253C0097DA}.Debug|x64.Build.0 = Debug|Any CPU
		{854DDF87-BF4E-431F-B7BD-D2253C0097DA}.Debug|x86.ActiveCfg = Debug|Any CPU
		{854DDF87-BF4E-431F-B7BD-D2253C0097DA}.Debug|x86.Build.0 = Debug|Any CPU
		{854DDF87-BF4E-431F-B7BD-D2253C0097DA}.Release|Any CPU.ActiveCfg = Release|Any CPU
		{854DDF87-BF4E-431F-B7BD-D2253C0097DA}.Release|Any CPU.Build.0 = Release|Any CPU
		{854DDF87-BF4E-431F-B7BD-D2253C0097DA}.Release|x64.ActiveCfg = Release|Any CPU
		{854DDF87-BF4E-431F-B7BD-D2253C0097DA}.Release|x64.Build.0 = Release|Any CPU
		{854DDF87-BF4E-431F-B7BD-D2253C0097DA}.Release|x86.ActiveCfg = Release|Any CPU
		{854DDF87-BF4E-431F-B7BD-D2253C0097DA}.Release|x86.Build.0 = Release|Any CPU
		{132B1858-F3DA-4558-A76D-899DD1FCD31E}.Debug|Any CPU.ActiveCfg = Debug|Any CPU
		{132B1858-F3DA-4558-A76D-899DD1FCD31E}.Debug|Any CPU.Build.0 = Debug|Any CPU
		{132B1858-F3DA-4558-A76D-899DD1FCD31E}.Debug|x64.ActiveCfg = Debug|Any CPU
		{132B1858-F3DA-4558-A76D-899DD1FCD31E}.Debug|x64.Build.0 = Debug|Any CPU
		{132B1858-F3DA-4558-A76D-899DD1FCD31E}.Debug|x86.ActiveCfg = Debug|Any CPU
		{132B1858-F3DA-4558-A76D-899DD1FCD31E}.Debug|x86.Build.0 = Debug|Any CPU
		{132B1858-F3DA-4558-A76D-899DD1FCD31E}.Release|Any CPU.ActiveCfg = Release|Any CPU
		{132B1858-F3DA-4558-A76D-899DD1FCD31E}.Release|Any CPU.Build.0 = Release|Any CPU
		{132B1858-F3DA-4558-A76D-899DD1FCD31E}.Release|x64.ActiveCfg = Release|Any CPU
		{132B1858-F3DA-4558-A76D-899DD1FCD31E}.Release|x64.Build.0 = Release|Any CPU
		{132B1858-F3DA-4558-A76D-899DD1FCD31E}.Release|x86.ActiveCfg = Release|Any CPU
		{132B1858-F3DA-4558-A76D-899DD1FCD31E}.Release|x86.Build.0 = Release|Any CPU
	EndGlobalSection
	GlobalSection(NestedProjects) = preSolution
		{536FF4A6-D471-423D-9F9B-BC0FA7500E48} = {C2FD9DE5-0C48-4DD2-9B0B-81DA0E6D95B1}
		{AB72CDA4-6D62-42F9-8D8D-3830FA5C6E11} = {C2FD9DE5-0C48-4DD2-9B0B-81DA0E6D95B1}
		{5A868D04-223F-47F3-BFBA-3E5FCD289224} = {C5905753-689D-4333-9A89-42EC4321F88C}
		{CCF6B50A-A220-49D1-B787-6495EBF2377F} = {FA2949CA-F251-48C3-A480-46A20A4D69A0}
		{45D37C90-4F12-4FBF-BC11-982CBE2A9BF9} = {325B75A8-52C6-440C-AA76-A301B68FDA87}
		{541E16D7-7055-4C02-BE1A-33614590FD7D} = {B174BB7D-CF72-41CB-86CA-F028A52FD599}
		{0F3FDDA3-2154-4C71-A949-37258078820E} = {CEA9DC27-F48F-4115-A14E-47F5820CCB47}
		{2C357FD7-F693-4360-A479-FB4841323634} = {D5E17259-E781-4B06-BF67-0C1771DA538F}
		{749DFCAC-8457-4D75-8336-E51ED07A8F98} = {26420595-2897-43C1-8D3E-0B25B87D9A6B}
		{B99F8F8E-F0F3-414F-8F46-B5B5B4DCC0EC} = {26420595-2897-43C1-8D3E-0B25B87D9A6B}
		{EEFFF1D8-183B-4D37-8AD0-9D90E8ADB506} = {AD3C6E21-400A-4317-8BAA-DC7F8D77A42A}
		{C9AD8DCC-A793-483C-8C60-1AB2075F20EA} = {AD3C6E21-400A-4317-8BAA-DC7F8D77A42A}
		{854DDF87-BF4E-431F-B7BD-D2253C0097DA} = {5935CD5C-3C6A-4BFB-AFF2-64865F4076C7}
		{132B1858-F3DA-4558-A76D-899DD1FCD31E} = {FA2949CA-F251-48C3-A480-46A20A4D69A0}
	EndGlobalSection
EndGlobal
