
Microsoft Visual Studio Solution File, Format Version 12.00
# Visual Studio 15
VisualStudioVersion = 15.0.26124.0
MinimumVisualStudioVersion = 15.0.26124.0
Project("{FAE04EC0-301F-11D3-BF4B-00C04F79EFBC}") = "Finix.CsUtils.Strings", "Finix.CsUtils.Strings\src\Finix.CsUtils.Strings.csproj", "{5B38E355-463A-40D4-8F54-4806A6EB9896}"
EndProject
Project("{2150E333-8FDC-42A3-9474-1A3956D46DE8}") = "Finix.CsUtils.Streams", "Finix.CsUtils.Streams", "{0E205DF4-F560-450F-A2CD-95692140A55F}"
EndProject
Project("{FAE04EC0-301F-11D3-BF4B-00C04F79EFBC}") = "Finix.CsUtils.Streams", "Finix.CsUtils.Streams\src\Finix.CsUtils.Streams.csproj", "{846064BF-68AE-4F8F-88DB-66C28D2A4EF7}"
EndProject
Global
	GlobalSection(SolutionConfigurationPlatforms) = preSolution
		Debug|Any CPU = Debug|Any CPU
		Debug|x64 = Debug|x64
		Debug|x86 = Debug|x86
		Release|Any CPU = Release|Any CPU
		Release|x64 = Release|x64
		Release|x86 = Release|x86
	EndGlobalSection
	GlobalSection(SolutionProperties) = preSolution
		HideSolutionNode = FALSE
	EndGlobalSection
	GlobalSection(ProjectConfigurationPlatforms) = postSolution
		{5B38E355-463A-40D4-8F54-4806A6EB9896}.Debug|Any CPU.ActiveCfg = Debug|Any CPU
		{5B38E355-463A-40D4-8F54-4806A6EB9896}.Debug|Any CPU.Build.0 = Debug|Any CPU
		{5B38E355-463A-40D4-8F54-4806A6EB9896}.Debug|x64.ActiveCfg = Debug|Any CPU
		{5B38E355-463A-40D4-8F54-4806A6EB9896}.Debug|x64.Build.0 = Debug|Any CPU
		{5B38E355-463A-40D4-8F54-4806A6EB9896}.Debug|x86.ActiveCfg = Debug|Any CPU
		{5B38E355-463A-40D4-8F54-4806A6EB9896}.Debug|x86.Build.0 = Debug|Any CPU
		{5B38E355-463A-40D4-8F54-4806A6EB9896}.Release|Any CPU.ActiveCfg = Release|Any CPU
		{5B38E355-463A-40D4-8F54-4806A6EB9896}.Release|Any CPU.Build.0 = Release|Any CPU
		{5B38E355-463A-40D4-8F54-4806A6EB9896}.Release|x64.ActiveCfg = Release|Any CPU
		{5B38E355-463A-40D4-8F54-4806A6EB9896}.Release|x64.Build.0 = Release|Any CPU
		{5B38E355-463A-40D4-8F54-4806A6EB9896}.Release|x86.ActiveCfg = Release|Any CPU
		{5B38E355-463A-40D4-8F54-4806A6EB9896}.Release|x86.Build.0 = Release|Any CPU
		{846064BF-68AE-4F8F-88DB-66C28D2A4EF7}.Debug|Any CPU.ActiveCfg = Debug|Any CPU
		{846064BF-68AE-4F8F-88DB-66C28D2A4EF7}.Debug|Any CPU.Build.0 = Debug|Any CPU
		{846064BF-68AE-4F8F-88DB-66C28D2A4EF7}.Debug|x64.ActiveCfg = Debug|Any CPU
		{846064BF-68AE-4F8F-88DB-66C28D2A4EF7}.Debug|x64.Build.0 = Debug|Any CPU
		{846064BF-68AE-4F8F-88DB-66C28D2A4EF7}.Debug|x86.ActiveCfg = Debug|Any CPU
		{846064BF-68AE-4F8F-88DB-66C28D2A4EF7}.Debug|x86.Build.0 = Debug|Any CPU
		{846064BF-68AE-4F8F-88DB-66C28D2A4EF7}.Release|Any CPU.ActiveCfg = Release|Any CPU
		{846064BF-68AE-4F8F-88DB-66C28D2A4EF7}.Release|Any CPU.Build.0 = Release|Any CPU
		{846064BF-68AE-4F8F-88DB-66C28D2A4EF7}.Release|x64.ActiveCfg = Release|Any CPU
		{846064BF-68AE-4F8F-88DB-66C28D2A4EF7}.Release|x64.Build.0 = Release|Any CPU
		{846064BF-68AE-4F8F-88DB-66C28D2A4EF7}.Release|x86.ActiveCfg = Release|Any CPU
		{846064BF-68AE-4F8F-88DB-66C28D2A4EF7}.Release|x86.Build.0 = Release|Any CPU
	EndGlobalSection
	GlobalSection(NestedProjects) = preSolution
		{846064BF-68AE-4F8F-88DB-66C28D2A4EF7} = {0E205DF4-F560-450F-A2CD-95692140A55F}
	EndGlobalSection
EndGlobal
