
Microsoft Visual Studio Solution File, Format Version 12.00
# Visual Studio 15
VisualStudioVersion = 15.0.26124.0
MinimumVisualStudioVersion = 15.0.26124.0
Project("{FAE04EC0-301F-11D3-BF4B-00C04F79EFBC}") = "Finix.CsUtils.Strings", "Finix.CsUtils.Strings\src\Finix.CsUtils.Strings.csproj", "{5B38E355-463A-40D4-8F54-4806A6EB9896}"
EndProject
Project("{2150E333-8FDC-42A3-9474-1A3956D46DE8}") = "Finix.CsUtils.Streams", "Finix.CsUtils.Streams", "{0E205DF4-F560-450F-A2CD-95692140A55F}"
EndProject
Project("{FAE04EC0-301F-11D3-BF4B-00C04F79EFBC}") = "Finix.CsUtils.Streams", "Finix.CsUtils.Streams\src\Finix.CsUtils.Streams.csproj", "{846064BF-68AE-4F8F-88DB-66C28D2A4EF7}"
EndProject
Project("{2150E333-8FDC-42A3-9474-1A3956D46DE8}") = "Finix.CsUtils.Process", "Finix.CsUtils.Process", "{2357B4D8-90E6-4055-A26F-2499617A4C64}"
EndProject
Project("{FAE04EC0-301F-11D3-BF4B-00C04F79EFBC}") = "Finix.CsUtils.Process", "Finix.CsUtils.Process\src\Finix.CsUtils.Process.csproj", "{44AC9DD2-9CF0-4BEF-8B72-8E27989B89F2}"
EndProject
Project("{2150E333-8FDC-42A3-9474-1A3956D46DE8}") = "Finix.CsUtils.Visitor", "Finix.CsUtils.Visitor", "{490FB2CD-2E4D-475C-9CC5-F5D4610E9139}"
EndProject
Project("{FAE04EC0-301F-11D3-BF4B-00C04F79EFBC}") = "Finix.CsUtils.Visitor", "Finix.CsUtils.Visitor\src\Finix.CsUtils.Visitor.csproj", "{39BF950B-35F2-4E66-9B37-927FBF349E13}"
EndProject
Project("{2150E333-8FDC-42A3-9474-1A3956D46DE8}") = "Finix.CsUtils.DataStructures", "Finix.CsUtils.DataStructures", "{8206AE40-5709-4F28-AB0D-4DAE731DC560}"
EndProject
Project("{FAE04EC0-301F-11D3-BF4B-00C04F79EFBC}") = "Finix.CsUtils.DataStructures", "Finix.CsUtils.DataStructures\src\Finix.CsUtils.DataStructures.csproj", "{DDF976FD-4CD9-434F-B5BD-79181A636A55}"
EndProject
Project("{2150E333-8FDC-42A3-9474-1A3956D46DE8}") = "Finix.CsUtils.Objects", "Finix.CsUtils.Objects", "{9BE85AF0-1F9F-4024-84E3-C3FCD6A1A2F8}"
EndProject
Project("{FAE04EC0-301F-11D3-BF4B-00C04F79EFBC}") = "Finix.CsUtils.Objects", "Finix.CsUtils.Objects\src\Finix.CsUtils.Objects.csproj", "{E493DA98-81F3-43BA-A208-40DB8AAF38F8}"
EndProject
Project("{FAE04EC0-301F-11D3-BF4B-00C04F79EFBC}") = "Finix.CsUtils.DataStructures.Profiling", "Finix.CsUtils.DataStructures\profiling\Finix.CsUtils.DataStructures.Profiling.csproj", "{005BAD3E-4266-4C37-A6F1-136DE8EFA0E0}"
EndProject
Project("{2150E333-8FDC-42A3-9474-1A3956D46DE8}") = "Finix.CsUtils.MARC", "Finix.CsUtils.MARC", "{03274E4C-A850-4949-9F4A-3D285B7C8B76}"
EndProject
Project("{FAE04EC0-301F-11D3-BF4B-00C04F79EFBC}") = "Finix.CsUtils.MARC", "Finix.CsUtils.MARC\src\Finix.CsUtils.MARC.csproj", "{2EA360E5-F475-4344-8A86-AE19358C435D}"
EndProject
Global
	GlobalSection(SolutionConfigurationPlatforms) = preSolution
		Debug|Any CPU = Debug|Any CPU
		Debug|x64 = Debug|x64
		Debug|x86 = Debug|x86
		Release|Any CPU = Release|Any CPU
		Release|x64 = Release|x64
		Release|x86 = Release|x86
	EndGlobalSection
	GlobalSection(SolutionProperties) = preSolution
		HideSolutionNode = FALSE
	EndGlobalSection
	GlobalSection(ProjectConfigurationPlatforms) = postSolution
		{5B38E355-463A-40D4-8F54-4806A6EB9896}.Debug|Any CPU.ActiveCfg = Debug|Any CPU
		{5B38E355-463A-40D4-8F54-4806A6EB9896}.Debug|Any CPU.Build.0 = Debug|Any CPU
		{5B38E355-463A-40D4-8F54-4806A6EB9896}.Debug|x64.ActiveCfg = Debug|Any CPU
		{5B38E355-463A-40D4-8F54-4806A6EB9896}.Debug|x64.Build.0 = Debug|Any CPU
		{5B38E355-463A-40D4-8F54-4806A6EB9896}.Debug|x86.ActiveCfg = Debug|Any CPU
		{5B38E355-463A-40D4-8F54-4806A6EB9896}.Debug|x86.Build.0 = Debug|Any CPU
		{5B38E355-463A-40D4-8F54-4806A6EB9896}.Release|Any CPU.ActiveCfg = Release|Any CPU
		{5B38E355-463A-40D4-8F54-4806A6EB9896}.Release|Any CPU.Build.0 = Release|Any CPU
		{5B38E355-463A-40D4-8F54-4806A6EB9896}.Release|x64.ActiveCfg = Release|Any CPU
		{5B38E355-463A-40D4-8F54-4806A6EB9896}.Release|x64.Build.0 = Release|Any CPU
		{5B38E355-463A-40D4-8F54-4806A6EB9896}.Release|x86.ActiveCfg = Release|Any CPU
		{5B38E355-463A-40D4-8F54-4806A6EB9896}.Release|x86.Build.0 = Release|Any CPU
		{846064BF-68AE-4F8F-88DB-66C28D2A4EF7}.Debug|Any CPU.ActiveCfg = Debug|Any CPU
		{846064BF-68AE-4F8F-88DB-66C28D2A4EF7}.Debug|Any CPU.Build.0 = Debug|Any CPU
		{846064BF-68AE-4F8F-88DB-66C28D2A4EF7}.Debug|x64.ActiveCfg = Debug|Any CPU
		{846064BF-68AE-4F8F-88DB-66C28D2A4EF7}.Debug|x64.Build.0 = Debug|Any CPU
		{846064BF-68AE-4F8F-88DB-66C28D2A4EF7}.Debug|x86.ActiveCfg = Debug|Any CPU
		{846064BF-68AE-4F8F-88DB-66C28D2A4EF7}.Debug|x86.Build.0 = Debug|Any CPU
		{846064BF-68AE-4F8F-88DB-66C28D2A4EF7}.Release|Any CPU.ActiveCfg = Release|Any CPU
		{846064BF-68AE-4F8F-88DB-66C28D2A4EF7}.Release|Any CPU.Build.0 = Release|Any CPU
		{846064BF-68AE-4F8F-88DB-66C28D2A4EF7}.Release|x64.ActiveCfg = Release|Any CPU
		{846064BF-68AE-4F8F-88DB-66C28D2A4EF7}.Release|x64.Build.0 = Release|Any CPU
		{846064BF-68AE-4F8F-88DB-66C28D2A4EF7}.Release|x86.ActiveCfg = Release|Any CPU
		{846064BF-68AE-4F8F-88DB-66C28D2A4EF7}.Release|x86.Build.0 = Release|Any CPU
		{44AC9DD2-9CF0-4BEF-8B72-8E27989B89F2}.Debug|Any CPU.ActiveCfg = Debug|Any CPU
		{44AC9DD2-9CF0-4BEF-8B72-8E27989B89F2}.Debug|Any CPU.Build.0 = Debug|Any CPU
		{44AC9DD2-9CF0-4BEF-8B72-8E27989B89F2}.Debug|x64.ActiveCfg = Debug|Any CPU
		{44AC9DD2-9CF0-4BEF-8B72-8E27989B89F2}.Debug|x64.Build.0 = Debug|Any CPU
		{44AC9DD2-9CF0-4BEF-8B72-8E27989B89F2}.Debug|x86.ActiveCfg = Debug|Any CPU
		{44AC9DD2-9CF0-4BEF-8B72-8E27989B89F2}.Debug|x86.Build.0 = Debug|Any CPU
		{44AC9DD2-9CF0-4BEF-8B72-8E27989B89F2}.Release|Any CPU.ActiveCfg = Release|Any CPU
		{44AC9DD2-9CF0-4BEF-8B72-8E27989B89F2}.Release|Any CPU.Build.0 = Release|Any CPU
		{44AC9DD2-9CF0-4BEF-8B72-8E27989B89F2}.Release|x64.ActiveCfg = Release|Any CPU
		{44AC9DD2-9CF0-4BEF-8B72-8E27989B89F2}.Release|x64.Build.0 = Release|Any CPU
		{44AC9DD2-9CF0-4BEF-8B72-8E27989B89F2}.Release|x86.ActiveCfg = Release|Any CPU
		{44AC9DD2-9CF0-4BEF-8B72-8E27989B89F2}.Release|x86.Build.0 = Release|Any CPU
		{39BF950B-35F2-4E66-9B37-927FBF349E13}.Debug|Any CPU.ActiveCfg = Debug|Any CPU
		{39BF950B-35F2-4E66-9B37-927FBF349E13}.Debug|Any CPU.Build.0 = Debug|Any CPU
		{39BF950B-35F2-4E66-9B37-927FBF349E13}.Debug|x64.ActiveCfg = Debug|Any CPU
		{39BF950B-35F2-4E66-9B37-927FBF349E13}.Debug|x64.Build.0 = Debug|Any CPU
		{39BF950B-35F2-4E66-9B37-927FBF349E13}.Debug|x86.ActiveCfg = Debug|Any CPU
		{39BF950B-35F2-4E66-9B37-927FBF349E13}.Debug|x86.Build.0 = Debug|Any CPU
		{39BF950B-35F2-4E66-9B37-927FBF349E13}.Release|Any CPU.ActiveCfg = Release|Any CPU
		{39BF950B-35F2-4E66-9B37-927FBF349E13}.Release|Any CPU.Build.0 = Release|Any CPU
		{39BF950B-35F2-4E66-9B37-927FBF349E13}.Release|x64.ActiveCfg = Release|Any CPU
		{39BF950B-35F2-4E66-9B37-927FBF349E13}.Release|x64.Build.0 = Release|Any CPU
		{39BF950B-35F2-4E66-9B37-927FBF349E13}.Release|x86.ActiveCfg = Release|Any CPU
		{39BF950B-35F2-4E66-9B37-927FBF349E13}.Release|x86.Build.0 = Release|Any CPU
		{DDF976FD-4CD9-434F-B5BD-79181A636A55}.Debug|Any CPU.ActiveCfg = Debug|Any CPU
		{DDF976FD-4CD9-434F-B5BD-79181A636A55}.Debug|Any CPU.Build.0 = Debug|Any CPU
		{DDF976FD-4CD9-434F-B5BD-79181A636A55}.Debug|x64.ActiveCfg = Debug|Any CPU
		{DDF976FD-4CD9-434F-B5BD-79181A636A55}.Debug|x64.Build.0 = Debug|Any CPU
		{DDF976FD-4CD9-434F-B5BD-79181A636A55}.Debug|x86.ActiveCfg = Debug|Any CPU
		{DDF976FD-4CD9-434F-B5BD-79181A636A55}.Debug|x86.Build.0 = Debug|Any CPU
		{DDF976FD-4CD9-434F-B5BD-79181A636A55}.Release|Any CPU.ActiveCfg = Release|Any CPU
		{DDF976FD-4CD9-434F-B5BD-79181A636A55}.Release|Any CPU.Build.0 = Release|Any CPU
		{DDF976FD-4CD9-434F-B5BD-79181A636A55}.Release|x64.ActiveCfg = Release|Any CPU
		{DDF976FD-4CD9-434F-B5BD-79181A636A55}.Release|x64.Build.0 = Release|Any CPU
		{DDF976FD-4CD9-434F-B5BD-79181A636A55}.Release|x86.ActiveCfg = Release|Any CPU
		{DDF976FD-4CD9-434F-B5BD-79181A636A55}.Release|x86.Build.0 = Release|Any CPU
		{E493DA98-81F3-43BA-A208-40DB8AAF38F8}.Debug|Any CPU.ActiveCfg = Debug|Any CPU
		{E493DA98-81F3-43BA-A208-40DB8AAF38F8}.Debug|Any CPU.Build.0 = Debug|Any CPU
		{E493DA98-81F3-43BA-A208-40DB8AAF38F8}.Debug|x64.ActiveCfg = Debug|Any CPU
		{E493DA98-81F3-43BA-A208-40DB8AAF38F8}.Debug|x64.Build.0 = Debug|Any CPU
		{E493DA98-81F3-43BA-A208-40DB8AAF38F8}.Debug|x86.ActiveCfg = Debug|Any CPU
		{E493DA98-81F3-43BA-A208-40DB8AAF38F8}.Debug|x86.Build.0 = Debug|Any CPU
		{E493DA98-81F3-43BA-A208-40DB8AAF38F8}.Release|Any CPU.ActiveCfg = Release|Any CPU
		{E493DA98-81F3-43BA-A208-40DB8AAF38F8}.Release|Any CPU.Build.0 = Release|Any CPU
		{E493DA98-81F3-43BA-A208-40DB8AAF38F8}.Release|x64.ActiveCfg = Release|Any CPU
		{E493DA98-81F3-43BA-A208-40DB8AAF38F8}.Release|x64.Build.0 = Release|Any CPU
		{E493DA98-81F3-43BA-A208-40DB8AAF38F8}.Release|x86.ActiveCfg = Release|Any CPU
		{E493DA98-81F3-43BA-A208-40DB8AAF38F8}.Release|x86.Build.0 = Release|Any CPU
		{005BAD3E-4266-4C37-A6F1-136DE8EFA0E0}.Debug|Any CPU.ActiveCfg = Debug|Any CPU
		{005BAD3E-4266-4C37-A6F1-136DE8EFA0E0}.Debug|Any CPU.Build.0 = Debug|Any CPU
		{005BAD3E-4266-4C37-A6F1-136DE8EFA0E0}.Debug|x64.ActiveCfg = Debug|Any CPU
		{005BAD3E-4266-4C37-A6F1-136DE8EFA0E0}.Debug|x64.Build.0 = Debug|Any CPU
		{005BAD3E-4266-4C37-A6F1-136DE8EFA0E0}.Debug|x86.ActiveCfg = Debug|Any CPU
		{005BAD3E-4266-4C37-A6F1-136DE8EFA0E0}.Debug|x86.Build.0 = Debug|Any CPU
		{005BAD3E-4266-4C37-A6F1-136DE8EFA0E0}.Release|Any CPU.ActiveCfg = Release|Any CPU
		{005BAD3E-4266-4C37-A6F1-136DE8EFA0E0}.Release|Any CPU.Build.0 = Release|Any CPU
		{005BAD3E-4266-4C37-A6F1-136DE8EFA0E0}.Release|x64.ActiveCfg = Release|Any CPU
		{005BAD3E-4266-4C37-A6F1-136DE8EFA0E0}.Release|x64.Build.0 = Release|Any CPU
		{005BAD3E-4266-4C37-A6F1-136DE8EFA0E0}.Release|x86.ActiveCfg = Release|Any CPU
		{005BAD3E-4266-4C37-A6F1-136DE8EFA0E0}.Release|x86.Build.0 = Release|Any CPU
		{2EA360E5-F475-4344-8A86-AE19358C435D}.Debug|Any CPU.ActiveCfg = Debug|Any CPU
		{2EA360E5-F475-4344-8A86-AE19358C435D}.Debug|Any CPU.Build.0 = Debug|Any CPU
		{2EA360E5-F475-4344-8A86-AE19358C435D}.Debug|x64.ActiveCfg = Debug|Any CPU
		{2EA360E5-F475-4344-8A86-AE19358C435D}.Debug|x64.Build.0 = Debug|Any CPU
		{2EA360E5-F475-4344-8A86-AE19358C435D}.Debug|x86.ActiveCfg = Debug|Any CPU
		{2EA360E5-F475-4344-8A86-AE19358C435D}.Debug|x86.Build.0 = Debug|Any CPU
		{2EA360E5-F475-4344-8A86-AE19358C435D}.Release|Any CPU.ActiveCfg = Release|Any CPU
		{2EA360E5-F475-4344-8A86-AE19358C435D}.Release|Any CPU.Build.0 = Release|Any CPU
		{2EA360E5-F475-4344-8A86-AE19358C435D}.Release|x64.ActiveCfg = Release|Any CPU
		{2EA360E5-F475-4344-8A86-AE19358C435D}.Release|x64.Build.0 = Release|Any CPU
		{2EA360E5-F475-4344-8A86-AE19358C435D}.Release|x86.ActiveCfg = Release|Any CPU
		{2EA360E5-F475-4344-8A86-AE19358C435D}.Release|x86.Build.0 = Release|Any CPU
	EndGlobalSection
	GlobalSection(NestedProjects) = preSolution
		{846064BF-68AE-4F8F-88DB-66C28D2A4EF7} = {0E205DF4-F560-450F-A2CD-95692140A55F}
		{44AC9DD2-9CF0-4BEF-8B72-8E27989B89F2} = {2357B4D8-90E6-4055-A26F-2499617A4C64}
		{39BF950B-35F2-4E66-9B37-927FBF349E13} = {490FB2CD-2E4D-475C-9CC5-F5D4610E9139}
		{DDF976FD-4CD9-434F-B5BD-79181A636A55} = {8206AE40-5709-4F28-AB0D-4DAE731DC560}
		{E493DA98-81F3-43BA-A208-40DB8AAF38F8} = {9BE85AF0-1F9F-4024-84E3-C3FCD6A1A2F8}
		{005BAD3E-4266-4C37-A6F1-136DE8EFA0E0} = {8206AE40-5709-4F28-AB0D-4DAE731DC560}
		{2EA360E5-F475-4344-8A86-AE19358C435D} = {03274E4C-A850-4949-9F4A-3D285B7C8B76}
	EndGlobalSection
EndGlobal
